
Microsoft Visual Studio Solution File, Format Version 12.00
# Visual Studio Version 16
VisualStudioVersion = 16.0.30711.63
MinimumVisualStudioVersion = 10.0.40219.1
Project("{9A19103F-16F7-4668-BE54-9A1E7A4F7556}") = "UAssetAPI", "UAssetAPI\UAssetAPI\UAssetAPI.csproj", "{178417EC-1177-413E-BE85-C83AECD64279}"
EndProject
Project("{9A19103F-16F7-4668-BE54-9A1E7A4F7556}") = "GtaModdingCli", "GtaModdingCli\GtaModdingCli.csproj", "{C259E6FD-7006-45EA-BC7C-671DF4E16055}"
EndProject
Global
	GlobalSection(SolutionConfigurationPlatforms) = preSolution
		Debug|Any CPU = Debug|Any CPU
		Release|Any CPU = Release|Any CPU
	EndGlobalSection
	GlobalSection(ProjectConfigurationPlatforms) = postSolution
		{178417EC-1177-413E-BE85-C83AECD64279}.Debug|Any CPU.ActiveCfg = Debug|Any CPU
		{178417EC-1177-413E-BE85-C83AECD64279}.Debug|Any CPU.Build.0 = Debug|Any CPU
		{178417EC-1177-413E-BE85-C83AECD64279}.Release|Any CPU.ActiveCfg = Release|Any CPU
		{178417EC-1177-413E-BE85-C83AECD64279}.Release|Any CPU.Build.0 = Release|Any CPU
		{C259E6FD-7006-45EA-BC7C-671DF4E16055}.Debug|Any CPU.ActiveCfg = Debug|Any CPU
		{C259E6FD-7006-45EA-BC7C-671DF4E16055}.Debug|Any CPU.Build.0 = Debug|Any CPU
		{C259E6FD-7006-45EA-BC7C-671DF4E16055}.Release|Any CPU.ActiveCfg = Release|Any CPU
		{C259E6FD-7006-45EA-BC7C-671DF4E16055}.Release|Any CPU.Build.0 = Release|Any CPU
	EndGlobalSection
	GlobalSection(SolutionProperties) = preSolution
		HideSolutionNode = FALSE
	EndGlobalSection
	GlobalSection(ExtensibilityGlobals) = postSolution
		SolutionGuid = {70311203-0FAB-4119-8E36-B42EC6D51D18}
	EndGlobalSection
EndGlobal
